
Microsoft Visual Studio Solution File, Format Version 12.00
# Visual Studio Version 17
VisualStudioVersion = 17.9.34728.123
MinimumVisualStudioVersion = 10.0.40219.1
Project("{9A19103F-16F7-4668-BE54-9A1E7A4F7556}") = "ConsoleApp1", "ConsoleApp1\ConsoleApp1.csproj", "{EBA908E1-D8F2-4B00-894C-64784A8719CA}"
EndProject
Project("{9A19103F-16F7-4668-BE54-9A1E7A4F7556}") = "Debugging", "Debugging\Debugging.csproj", "{A3783A44-6384-4543-B23B-002C5C885077}"
EndProject
Project("{9A19103F-16F7-4668-BE54-9A1E7A4F7556}") = "Logging", "Logging\Logging.csproj", "{89996F26-FE34-4973-A032-0E263A002D70}"
EndProject
Project("{9A19103F-16F7-4668-BE54-9A1E7A4F7556}") = "ClassLibraryForUnitTesting", "ClassLibraryForUnitTesting\ClassLibraryForUnitTesting.csproj", "{3EA8288F-5B67-4416-820D-91076CA771FC}"
EndProject
Project("{9A19103F-16F7-4668-BE54-9A1E7A4F7556}") = "ClassLibraryUnitTests", "ClassLibraryUnitTests\ClassLibraryUnitTests.csproj", "{471F5D04-718F-4EAA-AAFA-D59D840B542C}"
EndProject
Project("{9A19103F-16F7-4668-BE54-9A1E7A4F7556}") = "PacktLibraryNetStandard2", "PacktLibraryNetStandard2\PacktLibraryNetStandard2.csproj", "{09DB5272-50FA-4BB6-95A0-766819F2E180}"
EndProject
Project("{9A19103F-16F7-4668-BE54-9A1E7A4F7556}") = "PeopleApp", "PeopleApp\PeopleApp.csproj", "{6BE914A2-BC87-4F0A-B786-DD15A01904B3}"
EndProject
Project("{9A19103F-16F7-4668-BE54-9A1E7A4F7556}") = "AccessingSettings", "AccessingSettings\AccessingSettings.csproj", "{11E33C76-8C78-44C1-BA78-A4422E7B1718}"
EndProject
Project("{2150E333-8FDC-42A3-9474-1A3956D46DE8}") = "Chapter06", "Chapter06", "{12B3E4C8-9B5D-4324-A5F8-FBD1BB5AED9B}"
EndProject
Project("{9A19103F-16F7-4668-BE54-9A1E7A4F7556}") = "PacktLibrary", "PacktLibrary\PacktLibrary.csproj", "{E847967F-8E96-4785-950B-3B46A40C6899}"
EndProject
Project("{9A19103F-16F7-4668-BE54-9A1E7A4F7556}") = "PeopleConsoleApp", "PeopleConsoleApp\PeopleConsoleApp.csproj", "{0E17C4F5-F8B3-4A72-80D3-C644E322FE62}"
EndProject
Project("{9A19103F-16F7-4668-BE54-9A1E7A4F7556}") = "NullHandling", "NullHandling\NullHandling.csproj", "{9ED402DD-DC3F-4316-8809-FDF376596DE3}"
EndProject
Project("{2150E333-8FDC-42A3-9474-1A3956D46DE8}") = "Chapter07", "Chapter07", "{122943F2-2B5D-49D8-ADA0-F12714CAE885}"
EndProject
Project("{FAE04EC0-301F-11D3-BF4B-00C04F79EFBC}") = "AssembliesAndNamespaces", "AssembliesAndNamespaces\AssembliesAndNamespaces.csproj", "{69B6206C-00E1-42AC-83C3-05150294D511}"
EndProject
Project("{FAE04EC0-301F-11D3-BF4B-00C04F79EFBC}") = "SharedLibrary", "SharedLibrary\SharedLibrary.csproj", "{98C7B95B-B749-4A9C-88EB-E8667FE3CAF1}"
EndProject
Global
	GlobalSection(SolutionConfigurationPlatforms) = preSolution
		Debug|Any CPU = Debug|Any CPU
		Release|Any CPU = Release|Any CPU
	EndGlobalSection
	GlobalSection(ProjectConfigurationPlatforms) = postSolution
		{EBA908E1-D8F2-4B00-894C-64784A8719CA}.Debug|Any CPU.ActiveCfg = Debug|Any CPU
		{EBA908E1-D8F2-4B00-894C-64784A8719CA}.Debug|Any CPU.Build.0 = Debug|Any CPU
		{EBA908E1-D8F2-4B00-894C-64784A8719CA}.Release|Any CPU.ActiveCfg = Release|Any CPU
		{EBA908E1-D8F2-4B00-894C-64784A8719CA}.Release|Any CPU.Build.0 = Release|Any CPU
		{A3783A44-6384-4543-B23B-002C5C885077}.Debug|Any CPU.ActiveCfg = Debug|Any CPU
		{A3783A44-6384-4543-B23B-002C5C885077}.Debug|Any CPU.Build.0 = Debug|Any CPU
		{A3783A44-6384-4543-B23B-002C5C885077}.Release|Any CPU.ActiveCfg = Release|Any CPU
		{A3783A44-6384-4543-B23B-002C5C885077}.Release|Any CPU.Build.0 = Release|Any CPU
		{89996F26-FE34-4973-A032-0E263A002D70}.Debug|Any CPU.ActiveCfg = Debug|Any CPU
		{89996F26-FE34-4973-A032-0E263A002D70}.Debug|Any CPU.Build.0 = Debug|Any CPU
		{89996F26-FE34-4973-A032-0E263A002D70}.Release|Any CPU.ActiveCfg = Release|Any CPU
		{89996F26-FE34-4973-A032-0E263A002D70}.Release|Any CPU.Build.0 = Release|Any CPU
		{3EA8288F-5B67-4416-820D-91076CA771FC}.Debug|Any CPU.ActiveCfg = Debug|Any CPU
		{3EA8288F-5B67-4416-820D-91076CA771FC}.Debug|Any CPU.Build.0 = Debug|Any CPU
		{3EA8288F-5B67-4416-820D-91076CA771FC}.Release|Any CPU.ActiveCfg = Release|Any CPU
		{3EA8288F-5B67-4416-820D-91076CA771FC}.Release|Any CPU.Build.0 = Release|Any CPU
		{471F5D04-718F-4EAA-AAFA-D59D840B542C}.Debug|Any CPU.ActiveCfg = Debug|Any CPU
		{471F5D04-718F-4EAA-AAFA-D59D840B542C}.Debug|Any CPU.Build.0 = Debug|Any CPU
		{471F5D04-718F-4EAA-AAFA-D59D840B542C}.Release|Any CPU.ActiveCfg = Release|Any CPU
		{471F5D04-718F-4EAA-AAFA-D59D840B542C}.Release|Any CPU.Build.0 = Release|Any CPU
		{09DB5272-50FA-4BB6-95A0-766819F2E180}.Debug|Any CPU.ActiveCfg = Debug|Any CPU
		{09DB5272-50FA-4BB6-95A0-766819F2E180}.Debug|Any CPU.Build.0 = Debug|Any CPU
		{09DB5272-50FA-4BB6-95A0-766819F2E180}.Release|Any CPU.ActiveCfg = Release|Any CPU
		{09DB5272-50FA-4BB6-95A0-766819F2E180}.Release|Any CPU.Build.0 = Release|Any CPU
		{6BE914A2-BC87-4F0A-B786-DD15A01904B3}.Debug|Any CPU.ActiveCfg = Debug|Any CPU
		{6BE914A2-BC87-4F0A-B786-DD15A01904B3}.Debug|Any CPU.Build.0 = Debug|Any CPU
		{6BE914A2-BC87-4F0A-B786-DD15A01904B3}.Release|Any CPU.ActiveCfg = Release|Any CPU
		{6BE914A2-BC87-4F0A-B786-DD15A01904B3}.Release|Any CPU.Build.0 = Release|Any CPU
		{11E33C76-8C78-44C1-BA78-A4422E7B1718}.Debug|Any CPU.ActiveCfg = Debug|Any CPU
		{11E33C76-8C78-44C1-BA78-A4422E7B1718}.Debug|Any CPU.Build.0 = Debug|Any CPU
		{11E33C76-8C78-44C1-BA78-A4422E7B1718}.Release|Any CPU.ActiveCfg = Release|Any CPU
		{11E33C76-8C78-44C1-BA78-A4422E7B1718}.Release|Any CPU.Build.0 = Release|Any CPU
		{E847967F-8E96-4785-950B-3B46A40C6899}.Debug|Any CPU.ActiveCfg = Debug|Any CPU
		{E847967F-8E96-4785-950B-3B46A40C6899}.Debug|Any CPU.Build.0 = Debug|Any CPU
		{E847967F-8E96-4785-950B-3B46A40C6899}.Release|Any CPU.ActiveCfg = Release|Any CPU
		{E847967F-8E96-4785-950B-3B46A40C6899}.Release|Any CPU.Build.0 = Release|Any CPU
		{0E17C4F5-F8B3-4A72-80D3-C644E322FE62}.Debug|Any CPU.ActiveCfg = Debug|Any CPU
		{0E17C4F5-F8B3-4A72-80D3-C644E322FE62}.Debug|Any CPU.Build.0 = Debug|Any CPU
		{0E17C4F5-F8B3-4A72-80D3-C644E322FE62}.Release|Any CPU.ActiveCfg = Release|Any CPU
		{0E17C4F5-F8B3-4A72-80D3-C644E322FE62}.Release|Any CPU.Build.0 = Release|Any CPU
		{9ED402DD-DC3F-4316-8809-FDF376596DE3}.Debug|Any CPU.ActiveCfg = Debug|Any CPU
		{9ED402DD-DC3F-4316-8809-FDF376596DE3}.Debug|Any CPU.Build.0 = Debug|Any CPU
		{9ED402DD-DC3F-4316-8809-FDF376596DE3}.Release|Any CPU.ActiveCfg = Release|Any CPU
		{9ED402DD-DC3F-4316-8809-FDF376596DE3}.Release|Any CPU.Build.0 = Release|Any CPU
		{69B6206C-00E1-42AC-83C3-05150294D511}.Debug|Any CPU.ActiveCfg = Debug|Any CPU
		{69B6206C-00E1-42AC-83C3-05150294D511}.Debug|Any CPU.Build.0 = Debug|Any CPU
		{69B6206C-00E1-42AC-83C3-05150294D511}.Release|Any CPU.ActiveCfg = Release|Any CPU
		{69B6206C-00E1-42AC-83C3-05150294D511}.Release|Any CPU.Build.0 = Release|Any CPU
		{98C7B95B-B749-4A9C-88EB-E8667FE3CAF1}.Debug|Any CPU.ActiveCfg = Debug|Any CPU
		{98C7B95B-B749-4A9C-88EB-E8667FE3CAF1}.Debug|Any CPU.Build.0 = Debug|Any CPU
		{98C7B95B-B749-4A9C-88EB-E8667FE3CAF1}.Release|Any CPU.ActiveCfg = Release|Any CPU
		{98C7B95B-B749-4A9C-88EB-E8667FE3CAF1}.Release|Any CPU.Build.0 = Release|Any CPU
	EndGlobalSection
	GlobalSection(SolutionProperties) = preSolution
		HideSolutionNode = FALSE
	EndGlobalSection
	GlobalSection(NestedProjects) = preSolution
		{E847967F-8E96-4785-950B-3B46A40C6899} = {12B3E4C8-9B5D-4324-A5F8-FBD1BB5AED9B}
		{0E17C4F5-F8B3-4A72-80D3-C644E322FE62} = {12B3E4C8-9B5D-4324-A5F8-FBD1BB5AED9B}
		{9ED402DD-DC3F-4316-8809-FDF376596DE3} = {12B3E4C8-9B5D-4324-A5F8-FBD1BB5AED9B}
		{69B6206C-00E1-42AC-83C3-05150294D511} = {122943F2-2B5D-49D8-ADA0-F12714CAE885}
		{98C7B95B-B749-4A9C-88EB-E8667FE3CAF1} = {122943F2-2B5D-49D8-ADA0-F12714CAE885}
	EndGlobalSection
	GlobalSection(ExtensibilityGlobals) = postSolution
		SolutionGuid = {89E76BBA-B2BB-463B-9EF2-78DD31B99AA0}
	EndGlobalSection
EndGlobal
